{
  "requires": true,
  "lockfileVersion": 1,
  "dependencies": {
    "@types/jquery": {
      "version": "3.3.25",
      "resolved": "https://registry.npmjs.org/@types/jquery/-/jquery-3.3.25.tgz",
      "integrity": "sha512-Xxfv7dDRtylyuOpDUODi7bWEmoslhUVZqeA/8R52rysEgMdU6y2CkjiiW0/wyccSBQ0jdZyLoal8M7BFlGNgWg==",
      "requires": {
        "@types/sizzle": "*"
      }
    },
    "@types/sizzle": {
      "version": "2.3.2",
      "resolved": "https://registry.npmjs.org/@types/sizzle/-/sizzle-2.3.2.tgz",
      "integrity": "sha512-7EJYyKTL7tFR8+gDbB6Wwz/arpGa0Mywk1TJbNzKzHtzbwVmY4HR9WqS5VV7dsBUKQmPNr192jHr/VpBluj/hg=="
    }
  }
}
